
Microsoft Visual Studio Solution File, Format Version 12.00
# Visual Studio Version 16
VisualStudioVersion = 16.0.30907.101
MinimumVisualStudioVersion = 10.0.40219.1
Project("{2150E333-8FDC-42A3-9474-1A3956D46DE8}") = "1_COMMAND", "1_COMMAND", "{E0890811-8A05-4BAC-B412-08DA6FCF0E66}"
EndProject
Project("{2150E333-8FDC-42A3-9474-1A3956D46DE8}") = "2_QUERY", "2_QUERY", "{458186A6-9EF1-40A6-A975-152C1225693D}"
EndProject
Project("{9A19103F-16F7-4668-BE54-9A1E7A4F7556}") = "HORTIUSERCOMMAND", "HORTISESSIONCOMMAND\HORTIUSERCOMMAND.csproj", "{BF4551BB-4558-4160-90D2-ACEE696D9156}"
EndProject
Project("{9A19103F-16F7-4668-BE54-9A1E7A4F7556}") = "HORTIUSERCOMMAND.REPOSITORY", "HORTISESSIONCOMMANDREPOSITORY\HORTIUSERCOMMAND.REPOSITORY.csproj", "{D3C494A0-3368-477B-A8F9-2A75D93075B1}"
EndProject
Project("{9A19103F-16F7-4668-BE54-9A1E7A4F7556}") = "HORTIUSERCOMMAND.APP", "HORTISESSIONCOMMANDAPP\HORTIUSERCOMMAND.APP.csproj", "{AE378155-E5E3-4DA2-BEA7-6759500808A7}"
EndProject
Project("{9A19103F-16F7-4668-BE54-9A1E7A4F7556}") = "HORTIUSERCOMMAND.DOMAIN", "HORTISESSIONCOMMANDDOMAIN\HORTIUSERCOMMAND.DOMAIN.csproj", "{EAD46709-E342-47B1-A6FE-16BE7697C5FE}"
EndProject
Project("{9A19103F-16F7-4668-BE54-9A1E7A4F7556}") = "HORTIUSERCOMMAND.VALIDATION", "HORTISESSIONCOMMANDVALIDATION\HORTIUSERCOMMAND.VALIDATION.csproj", "{942D6889-8D93-46D7-B23D-94B1CCF9E5F8}"
EndProject
Project("{FAE04EC0-301F-11D3-BF4B-00C04F79EFBC}") = "HORTIUSERQUERY", "HORTIUSERQUERY\HORTIUSERQUERY.csproj", "{0DAF38FA-3EDF-490B-835B-C3EACB33A984}"
EndProject
Global
	GlobalSection(SolutionConfigurationPlatforms) = preSolution
		Debug|Any CPU = Debug|Any CPU
		Debug|x64 = Debug|x64
		Release|Any CPU = Release|Any CPU
		Release|x64 = Release|x64
	EndGlobalSection
	GlobalSection(ProjectConfigurationPlatforms) = postSolution
		{BF4551BB-4558-4160-90D2-ACEE696D9156}.Debug|Any CPU.ActiveCfg = Debug|Any CPU
		{BF4551BB-4558-4160-90D2-ACEE696D9156}.Debug|Any CPU.Build.0 = Debug|Any CPU
		{BF4551BB-4558-4160-90D2-ACEE696D9156}.Debug|x64.ActiveCfg = Debug|x64
		{BF4551BB-4558-4160-90D2-ACEE696D9156}.Debug|x64.Build.0 = Debug|x64
		{BF4551BB-4558-4160-90D2-ACEE696D9156}.Release|Any CPU.ActiveCfg = Release|Any CPU
		{BF4551BB-4558-4160-90D2-ACEE696D9156}.Release|Any CPU.Build.0 = Release|Any CPU
		{BF4551BB-4558-4160-90D2-ACEE696D9156}.Release|x64.ActiveCfg = Release|x64
		{BF4551BB-4558-4160-90D2-ACEE696D9156}.Release|x64.Build.0 = Release|x64
		{D3C494A0-3368-477B-A8F9-2A75D93075B1}.Debug|Any CPU.ActiveCfg = Debug|Any CPU
		{D3C494A0-3368-477B-A8F9-2A75D93075B1}.Debug|Any CPU.Build.0 = Debug|Any CPU
		{D3C494A0-3368-477B-A8F9-2A75D93075B1}.Debug|x64.ActiveCfg = Debug|x64
		{D3C494A0-3368-477B-A8F9-2A75D93075B1}.Debug|x64.Build.0 = Debug|x64
		{D3C494A0-3368-477B-A8F9-2A75D93075B1}.Release|Any CPU.ActiveCfg = Release|Any CPU
		{D3C494A0-3368-477B-A8F9-2A75D93075B1}.Release|Any CPU.Build.0 = Release|Any CPU
		{D3C494A0-3368-477B-A8F9-2A75D93075B1}.Release|x64.ActiveCfg = Release|x64
		{D3C494A0-3368-477B-A8F9-2A75D93075B1}.Release|x64.Build.0 = Release|x64
		{AE378155-E5E3-4DA2-BEA7-6759500808A7}.Debug|Any CPU.ActiveCfg = Debug|Any CPU
		{AE378155-E5E3-4DA2-BEA7-6759500808A7}.Debug|Any CPU.Build.0 = Debug|Any CPU
		{AE378155-E5E3-4DA2-BEA7-6759500808A7}.Debug|x64.ActiveCfg = Debug|x64
		{AE378155-E5E3-4DA2-BEA7-6759500808A7}.Debug|x64.Build.0 = Debug|x64
		{AE378155-E5E3-4DA2-BEA7-6759500808A7}.Release|Any CPU.ActiveCfg = Release|Any CPU
		{AE378155-E5E3-4DA2-BEA7-6759500808A7}.Release|Any CPU.Build.0 = Release|Any CPU
		{AE378155-E5E3-4DA2-BEA7-6759500808A7}.Release|x64.ActiveCfg = Release|x64
		{AE378155-E5E3-4DA2-BEA7-6759500808A7}.Release|x64.Build.0 = Release|x64
		{EAD46709-E342-47B1-A6FE-16BE7697C5FE}.Debug|Any CPU.ActiveCfg = Debug|Any CPU
		{EAD46709-E342-47B1-A6FE-16BE7697C5FE}.Debug|Any CPU.Build.0 = Debug|Any CPU
		{EAD46709-E342-47B1-A6FE-16BE7697C5FE}.Debug|x64.ActiveCfg = Debug|x64
		{EAD46709-E342-47B1-A6FE-16BE7697C5FE}.Debug|x64.Build.0 = Debug|x64
		{EAD46709-E342-47B1-A6FE-16BE7697C5FE}.Release|Any CPU.ActiveCfg = Release|Any CPU
		{EAD46709-E342-47B1-A6FE-16BE7697C5FE}.Release|Any CPU.Build.0 = Release|Any CPU
		{EAD46709-E342-47B1-A6FE-16BE7697C5FE}.Release|x64.ActiveCfg = Release|x64
		{EAD46709-E342-47B1-A6FE-16BE7697C5FE}.Release|x64.Build.0 = Release|x64
		{942D6889-8D93-46D7-B23D-94B1CCF9E5F8}.Debug|Any CPU.ActiveCfg = Debug|Any CPU
		{942D6889-8D93-46D7-B23D-94B1CCF9E5F8}.Debug|Any CPU.Build.0 = Debug|Any CPU
		{942D6889-8D93-46D7-B23D-94B1CCF9E5F8}.Debug|x64.ActiveCfg = Debug|x64
		{942D6889-8D93-46D7-B23D-94B1CCF9E5F8}.Debug|x64.Build.0 = Debug|x64
		{942D6889-8D93-46D7-B23D-94B1CCF9E5F8}.Release|Any CPU.ActiveCfg = Release|Any CPU
		{942D6889-8D93-46D7-B23D-94B1CCF9E5F8}.Release|Any CPU.Build.0 = Release|Any CPU
		{942D6889-8D93-46D7-B23D-94B1CCF9E5F8}.Release|x64.ActiveCfg = Release|x64
		{942D6889-8D93-46D7-B23D-94B1CCF9E5F8}.Release|x64.Build.0 = Release|x64
		{0DAF38FA-3EDF-490B-835B-C3EACB33A984}.Debug|Any CPU.ActiveCfg = Debug|Any CPU
		{0DAF38FA-3EDF-490B-835B-C3EACB33A984}.Debug|Any CPU.Build.0 = Debug|Any CPU
		{0DAF38FA-3EDF-490B-835B-C3EACB33A984}.Debug|x64.ActiveCfg = Debug|x64
		{0DAF38FA-3EDF-490B-835B-C3EACB33A984}.Debug|x64.Build.0 = Debug|x64
		{0DAF38FA-3EDF-490B-835B-C3EACB33A984}.Release|Any CPU.ActiveCfg = Release|Any CPU
		{0DAF38FA-3EDF-490B-835B-C3EACB33A984}.Release|Any CPU.Build.0 = Release|Any CPU
		{0DAF38FA-3EDF-490B-835B-C3EACB33A984}.Release|x64.ActiveCfg = Release|x64
		{0DAF38FA-3EDF-490B-835B-C3EACB33A984}.Release|x64.Build.0 = Release|x64
	EndGlobalSection
	GlobalSection(SolutionProperties) = preSolution
		HideSolutionNode = FALSE
	EndGlobalSection
	GlobalSection(NestedProjects) = preSolution
		{BF4551BB-4558-4160-90D2-ACEE696D9156} = {E0890811-8A05-4BAC-B412-08DA6FCF0E66}
		{D3C494A0-3368-477B-A8F9-2A75D93075B1} = {E0890811-8A05-4BAC-B412-08DA6FCF0E66}
		{AE378155-E5E3-4DA2-BEA7-6759500808A7} = {E0890811-8A05-4BAC-B412-08DA6FCF0E66}
		{EAD46709-E342-47B1-A6FE-16BE7697C5FE} = {E0890811-8A05-4BAC-B412-08DA6FCF0E66}
		{942D6889-8D93-46D7-B23D-94B1CCF9E5F8} = {E0890811-8A05-4BAC-B412-08DA6FCF0E66}
		{0DAF38FA-3EDF-490B-835B-C3EACB33A984} = {458186A6-9EF1-40A6-A975-152C1225693D}
	EndGlobalSection
	GlobalSection(ExtensibilityGlobals) = postSolution
		SolutionGuid = {1346B691-8AE6-440D-A2DC-4099FDD9B975}
	EndGlobalSection
EndGlobal
