
Microsoft Visual Studio Solution File, Format Version 12.00
# Visual Studio Version 17
VisualStudioVersion = 17.0.32112.339
MinimumVisualStudioVersion = 10.0.40219.1
Project("{2150E333-8FDC-42A3-9474-1A3956D46DE8}") = "1_COMMAND", "1_COMMAND", "{E0890811-8A05-4BAC-B412-08DA6FCF0E66}"
EndProject
Project("{2150E333-8FDC-42A3-9474-1A3956D46DE8}") = "2_QUERY", "2_QUERY", "{458186A6-9EF1-40A6-A975-152C1225693D}"
EndProject
Project("{2150E333-8FDC-42A3-9474-1A3956D46DE8}") = "3_INFRASTRUCTURE", "3_INFRASTRUCTURE", "{53F0E7A3-5545-49BD-B02D-8F7352A0D214}"
EndProject
Project("{2150E333-8FDC-42A3-9474-1A3956D46DE8}") = "CROSSCUTTING", "CROSSCUTTING", "{9C363891-C7B4-4BA3-B628-F894899111BD}"
EndProject
Project("{00D1A9C2-B5F0-4AF3-8072-F6C62B433612}") = "USER.ACCESS.DATABASE", "USER.ACCESS.DATABASE\USER.ACCESS.DATABASE.sqlproj", "{645D0294-131F-4804-A43B-D577C1533AC8}"
EndProject
Project("{9A19103F-16F7-4668-BE54-9A1E7A4F7556}") = "USER.ACCESS.COMMAND", "USER.ACCESS.COMMAND\USER.ACCESS.COMMAND.csproj", "{D77358E0-076E-4F60-9626-93BFAD646057}"
EndProject
Project("{9A19103F-16F7-4668-BE54-9A1E7A4F7556}") = "USER.ACCESS.QUERY", "USER.ACCESS.QUERY\USER.ACCESS.QUERY.csproj", "{9A9440B4-434B-4474-9971-67E4C325F298}"
EndProject
Project("{9A19103F-16F7-4668-BE54-9A1E7A4F7556}") = "Z_DATAUSERACCESS", "Z_DATAUSERACCESS\Z_DATAUSERACCESS.csproj", "{928C452E-144A-44F9-8D9D-1C40C262DB51}"
EndProject
Project("{9A19103F-16F7-4668-BE54-9A1E7A4F7556}") = "USER.ACCESS.COMMAND.APP", "USER.ACCESS.COMMAND.APP\USER.ACCESS.COMMAND.APP.csproj", "{13F4180C-5250-4EAE-89DA-ED1DA71E85A5}"
EndProject
Project("{9A19103F-16F7-4668-BE54-9A1E7A4F7556}") = "USER.ACCESS.COMMAND.DOMAIN", "USER.ACCESS.COMMAND.DOMAIN\USER.ACCESS.COMMAND.DOMAIN.csproj", "{5F955DA7-8B51-4450-9752-57F40D236832}"
EndProject
Project("{9A19103F-16F7-4668-BE54-9A1E7A4F7556}") = "USER.ACCESS.COMMAND.REPOSITORY", "USER.ACCESS.COMMAND.REPOSITORY\USER.ACCESS.COMMAND.REPOSITORY.csproj", "{D8024C74-AC2A-46FC-9947-E6A1B7FBDB1D}"
EndProject
Project("{9A19103F-16F7-4668-BE54-9A1E7A4F7556}") = "USER.ACCESS.CROSSCUTTING", "USER.ACCESS.CROSSCUTTING\USER.ACCESS.CROSSCUTTING.csproj", "{85FABE99-BCDD-432C-90F8-257312832ABF}"
EndProject
Project("{9A19103F-16F7-4668-BE54-9A1E7A4F7556}") = "USER.ACCESS.QUERY.REPOSITORY", "USER.ACCESS.QUERY.REPOSITORY\USER.ACCESS.QUERY.REPOSITORY.csproj", "{37C696C7-ED8F-4BA0-AF13-08B5783A47D8}"
EndProject
Project("{2150E333-8FDC-42A3-9474-1A3956D46DE8}") = "4_TEST", "4_TEST", "{1F2469BF-344A-4103-B221-F62E32B87A51}"
EndProject
Project("{9A19103F-16F7-4668-BE54-9A1E7A4F7556}") = "USER.ACCESS.COMMAND.TEST", "USER.ACCESS.COMMAND.TEST\USER.ACCESS.COMMAND.TEST.csproj", "{C28F164E-95B3-4176-A39C-04C2844CEE57}"
EndProject
Global
	GlobalSection(SolutionConfigurationPlatforms) = preSolution
		Debug|Any CPU = Debug|Any CPU
		Debug|x64 = Debug|x64
		Release|Any CPU = Release|Any CPU
		Release|x64 = Release|x64
	EndGlobalSection
	GlobalSection(ProjectConfigurationPlatforms) = postSolution
		{645D0294-131F-4804-A43B-D577C1533AC8}.Debug|Any CPU.ActiveCfg = Debug|Any CPU
		{645D0294-131F-4804-A43B-D577C1533AC8}.Debug|Any CPU.Build.0 = Debug|Any CPU
		{645D0294-131F-4804-A43B-D577C1533AC8}.Debug|Any CPU.Deploy.0 = Debug|Any CPU
		{645D0294-131F-4804-A43B-D577C1533AC8}.Debug|x64.ActiveCfg = Debug|Any CPU
		{645D0294-131F-4804-A43B-D577C1533AC8}.Debug|x64.Deploy.0 = Debug|Any CPU
		{645D0294-131F-4804-A43B-D577C1533AC8}.Release|Any CPU.ActiveCfg = Release|Any CPU
		{645D0294-131F-4804-A43B-D577C1533AC8}.Release|Any CPU.Build.0 = Release|Any CPU
		{645D0294-131F-4804-A43B-D577C1533AC8}.Release|Any CPU.Deploy.0 = Release|Any CPU
		{645D0294-131F-4804-A43B-D577C1533AC8}.Release|x64.ActiveCfg = Release|x64
		{645D0294-131F-4804-A43B-D577C1533AC8}.Release|x64.Build.0 = Release|x64
		{645D0294-131F-4804-A43B-D577C1533AC8}.Release|x64.Deploy.0 = Release|x64
		{D77358E0-076E-4F60-9626-93BFAD646057}.Debug|Any CPU.ActiveCfg = Debug|Any CPU
		{D77358E0-076E-4F60-9626-93BFAD646057}.Debug|Any CPU.Build.0 = Debug|Any CPU
		{D77358E0-076E-4F60-9626-93BFAD646057}.Debug|x64.ActiveCfg = Debug|x64
		{D77358E0-076E-4F60-9626-93BFAD646057}.Debug|x64.Build.0 = Debug|x64
		{D77358E0-076E-4F60-9626-93BFAD646057}.Release|Any CPU.ActiveCfg = Release|Any CPU
		{D77358E0-076E-4F60-9626-93BFAD646057}.Release|Any CPU.Build.0 = Release|Any CPU
		{D77358E0-076E-4F60-9626-93BFAD646057}.Release|x64.ActiveCfg = Release|x64
		{D77358E0-076E-4F60-9626-93BFAD646057}.Release|x64.Build.0 = Release|x64
		{9A9440B4-434B-4474-9971-67E4C325F298}.Debug|Any CPU.ActiveCfg = Debug|Any CPU
		{9A9440B4-434B-4474-9971-67E4C325F298}.Debug|Any CPU.Build.0 = Debug|Any CPU
		{9A9440B4-434B-4474-9971-67E4C325F298}.Debug|x64.ActiveCfg = Debug|x64
		{9A9440B4-434B-4474-9971-67E4C325F298}.Debug|x64.Build.0 = Debug|x64
		{9A9440B4-434B-4474-9971-67E4C325F298}.Release|Any CPU.ActiveCfg = Release|Any CPU
		{9A9440B4-434B-4474-9971-67E4C325F298}.Release|Any CPU.Build.0 = Release|Any CPU
		{9A9440B4-434B-4474-9971-67E4C325F298}.Release|x64.ActiveCfg = Release|x64
		{9A9440B4-434B-4474-9971-67E4C325F298}.Release|x64.Build.0 = Release|x64
		{928C452E-144A-44F9-8D9D-1C40C262DB51}.Debug|Any CPU.ActiveCfg = Debug|Any CPU
		{928C452E-144A-44F9-8D9D-1C40C262DB51}.Debug|Any CPU.Build.0 = Debug|Any CPU
		{928C452E-144A-44F9-8D9D-1C40C262DB51}.Debug|x64.ActiveCfg = Debug|x64
		{928C452E-144A-44F9-8D9D-1C40C262DB51}.Release|Any CPU.ActiveCfg = Release|Any CPU
		{928C452E-144A-44F9-8D9D-1C40C262DB51}.Release|Any CPU.Build.0 = Release|Any CPU
		{928C452E-144A-44F9-8D9D-1C40C262DB51}.Release|x64.ActiveCfg = Release|x64
		{928C452E-144A-44F9-8D9D-1C40C262DB51}.Release|x64.Build.0 = Release|x64
		{13F4180C-5250-4EAE-89DA-ED1DA71E85A5}.Debug|Any CPU.ActiveCfg = Debug|Any CPU
		{13F4180C-5250-4EAE-89DA-ED1DA71E85A5}.Debug|Any CPU.Build.0 = Debug|Any CPU
		{13F4180C-5250-4EAE-89DA-ED1DA71E85A5}.Debug|x64.ActiveCfg = Debug|x64
		{13F4180C-5250-4EAE-89DA-ED1DA71E85A5}.Debug|x64.Build.0 = Debug|x64
		{13F4180C-5250-4EAE-89DA-ED1DA71E85A5}.Release|Any CPU.ActiveCfg = Release|Any CPU
		{13F4180C-5250-4EAE-89DA-ED1DA71E85A5}.Release|Any CPU.Build.0 = Release|Any CPU
		{13F4180C-5250-4EAE-89DA-ED1DA71E85A5}.Release|x64.ActiveCfg = Release|x64
		{13F4180C-5250-4EAE-89DA-ED1DA71E85A5}.Release|x64.Build.0 = Release|x64
		{5F955DA7-8B51-4450-9752-57F40D236832}.Debug|Any CPU.ActiveCfg = Debug|Any CPU
		{5F955DA7-8B51-4450-9752-57F40D236832}.Debug|Any CPU.Build.0 = Debug|Any CPU
		{5F955DA7-8B51-4450-9752-57F40D236832}.Debug|x64.ActiveCfg = Debug|x64
		{5F955DA7-8B51-4450-9752-57F40D236832}.Debug|x64.Build.0 = Debug|x64
		{5F955DA7-8B51-4450-9752-57F40D236832}.Release|Any CPU.ActiveCfg = Release|Any CPU
		{5F955DA7-8B51-4450-9752-57F40D236832}.Release|Any CPU.Build.0 = Release|Any CPU
		{5F955DA7-8B51-4450-9752-57F40D236832}.Release|x64.ActiveCfg = Release|x64
		{5F955DA7-8B51-4450-9752-57F40D236832}.Release|x64.Build.0 = Release|x64
		{D8024C74-AC2A-46FC-9947-E6A1B7FBDB1D}.Debug|Any CPU.ActiveCfg = Debug|Any CPU
		{D8024C74-AC2A-46FC-9947-E6A1B7FBDB1D}.Debug|Any CPU.Build.0 = Debug|Any CPU
		{D8024C74-AC2A-46FC-9947-E6A1B7FBDB1D}.Debug|x64.ActiveCfg = Debug|x64
		{D8024C74-AC2A-46FC-9947-E6A1B7FBDB1D}.Debug|x64.Build.0 = Debug|x64
		{D8024C74-AC2A-46FC-9947-E6A1B7FBDB1D}.Release|Any CPU.ActiveCfg = Release|Any CPU
		{D8024C74-AC2A-46FC-9947-E6A1B7FBDB1D}.Release|Any CPU.Build.0 = Release|Any CPU
		{D8024C74-AC2A-46FC-9947-E6A1B7FBDB1D}.Release|x64.ActiveCfg = Release|x64
		{D8024C74-AC2A-46FC-9947-E6A1B7FBDB1D}.Release|x64.Build.0 = Release|x64
		{85FABE99-BCDD-432C-90F8-257312832ABF}.Debug|Any CPU.ActiveCfg = Debug|Any CPU
		{85FABE99-BCDD-432C-90F8-257312832ABF}.Debug|Any CPU.Build.0 = Debug|Any CPU
		{85FABE99-BCDD-432C-90F8-257312832ABF}.Debug|x64.ActiveCfg = Debug|x64
		{85FABE99-BCDD-432C-90F8-257312832ABF}.Debug|x64.Build.0 = Debug|x64
		{85FABE99-BCDD-432C-90F8-257312832ABF}.Release|Any CPU.ActiveCfg = Release|Any CPU
		{85FABE99-BCDD-432C-90F8-257312832ABF}.Release|Any CPU.Build.0 = Release|Any CPU
		{85FABE99-BCDD-432C-90F8-257312832ABF}.Release|x64.ActiveCfg = Release|Any CPU
		{85FABE99-BCDD-432C-90F8-257312832ABF}.Release|x64.Build.0 = Release|Any CPU
		{37C696C7-ED8F-4BA0-AF13-08B5783A47D8}.Debug|Any CPU.ActiveCfg = Debug|Any CPU
		{37C696C7-ED8F-4BA0-AF13-08B5783A47D8}.Debug|Any CPU.Build.0 = Debug|Any CPU
		{37C696C7-ED8F-4BA0-AF13-08B5783A47D8}.Debug|x64.ActiveCfg = Debug|Any CPU
		{37C696C7-ED8F-4BA0-AF13-08B5783A47D8}.Debug|x64.Build.0 = Debug|Any CPU
		{37C696C7-ED8F-4BA0-AF13-08B5783A47D8}.Release|Any CPU.ActiveCfg = Release|Any CPU
		{37C696C7-ED8F-4BA0-AF13-08B5783A47D8}.Release|Any CPU.Build.0 = Release|Any CPU
		{37C696C7-ED8F-4BA0-AF13-08B5783A47D8}.Release|x64.ActiveCfg = Release|Any CPU
		{37C696C7-ED8F-4BA0-AF13-08B5783A47D8}.Release|x64.Build.0 = Release|Any CPU
		{C28F164E-95B3-4176-A39C-04C2844CEE57}.Debug|Any CPU.ActiveCfg = Debug|Any CPU
		{C28F164E-95B3-4176-A39C-04C2844CEE57}.Debug|Any CPU.Build.0 = Debug|Any CPU
		{C28F164E-95B3-4176-A39C-04C2844CEE57}.Debug|x64.ActiveCfg = Debug|Any CPU
		{C28F164E-95B3-4176-A39C-04C2844CEE57}.Debug|x64.Build.0 = Debug|Any CPU
		{C28F164E-95B3-4176-A39C-04C2844CEE57}.Release|Any CPU.ActiveCfg = Release|Any CPU
		{C28F164E-95B3-4176-A39C-04C2844CEE57}.Release|Any CPU.Build.0 = Release|Any CPU
		{C28F164E-95B3-4176-A39C-04C2844CEE57}.Release|x64.ActiveCfg = Release|Any CPU
		{C28F164E-95B3-4176-A39C-04C2844CEE57}.Release|x64.Build.0 = Release|Any CPU
	EndGlobalSection
	GlobalSection(SolutionProperties) = preSolution
		HideSolutionNode = FALSE
	EndGlobalSection
	GlobalSection(NestedProjects) = preSolution
		{9C363891-C7B4-4BA3-B628-F894899111BD} = {53F0E7A3-5545-49BD-B02D-8F7352A0D214}
		{D77358E0-076E-4F60-9626-93BFAD646057} = {E0890811-8A05-4BAC-B412-08DA6FCF0E66}
		{9A9440B4-434B-4474-9971-67E4C325F298} = {458186A6-9EF1-40A6-A975-152C1225693D}
		{13F4180C-5250-4EAE-89DA-ED1DA71E85A5} = {E0890811-8A05-4BAC-B412-08DA6FCF0E66}
		{5F955DA7-8B51-4450-9752-57F40D236832} = {E0890811-8A05-4BAC-B412-08DA6FCF0E66}
		{D8024C74-AC2A-46FC-9947-E6A1B7FBDB1D} = {E0890811-8A05-4BAC-B412-08DA6FCF0E66}
		{85FABE99-BCDD-432C-90F8-257312832ABF} = {9C363891-C7B4-4BA3-B628-F894899111BD}
		{37C696C7-ED8F-4BA0-AF13-08B5783A47D8} = {458186A6-9EF1-40A6-A975-152C1225693D}
		{C28F164E-95B3-4176-A39C-04C2844CEE57} = {1F2469BF-344A-4103-B221-F62E32B87A51}
	EndGlobalSection
	GlobalSection(ExtensibilityGlobals) = postSolution
		SolutionGuid = {1346B691-8AE6-440D-A2DC-4099FDD9B975}
	EndGlobalSection
EndGlobal
